
Microsoft Visual Studio Solution File, Format Version 12.00
# Visual Studio Version 16
VisualStudioVersion = 16.0.29905.134
MinimumVisualStudioVersion = 10.0.40219.1
Project("{9A19103F-16F7-4668-BE54-9A1E7A4F7556}") = "CodeWars", "CodeWars.csproj", "{671B230E-28AD-4D33-A521-6801F351A2F8}"
EndProject
Project("{9A19103F-16F7-4668-BE54-9A1E7A4F7556}") = "Disemvowell_Trolls", "Disemvowell_Trolls\Disemvowell_Trolls.csproj", "{DE614D15-A3FB-4342-AA6F-4F1F030B359D}"
EndProject
Project("{9A19103F-16F7-4668-BE54-9A1E7A4F7556}") = "Isograms", "Isograms\Isograms.csproj", "{36C9FE33-09ED-408D-A801-F1B73FF8C3DC}"
EndProject
Project("{9A19103F-16F7-4668-BE54-9A1E7A4F7556}") = "DigitalRoot", "DigitalRoot\DigitalRoot.csproj", "{FEA655E2-893B-4F77-9841-BCCB484343E8}"
EndProject
Project("{9A19103F-16F7-4668-BE54-9A1E7A4F7556}") = "DifferenceBetweenAges", "DifferenceBetweenAges\DifferenceBetweenAges.csproj", "{7B363067-BAB4-404B-9D56-3956FDEA211C}"
EndProject
Project("{9A19103F-16F7-4668-BE54-9A1E7A4F7556}") = "TwoOldestAges", "TwoOldestAges\TwoOldestAges.csproj", "{1131F32B-90E0-42BD-92B5-996FBD44410A}"
EndProject
Project("{9A19103F-16F7-4668-BE54-9A1E7A4F7556}") = "RemovingElements", "RemovingElements\RemovingElements.csproj", "{9AEA6A1B-0BF5-4F28-B8DB-E1E5A3DD917F}"
EndProject
Project("{9A19103F-16F7-4668-BE54-9A1E7A4F7556}") = "CountOccurences", "CountOccurences\CountOccurences.csproj", "{568BE826-263E-41C1-AE4E-9E61BEA20320}"
EndProject
Project("{9A19103F-16F7-4668-BE54-9A1E7A4F7556}") = "WillYouMakeIt", "WillYouMakeIt\WillYouMakeIt.csproj", "{43A929DF-53F7-4FC2-A774-FD98BDA83996}"
EndProject
Project("{9A19103F-16F7-4668-BE54-9A1E7A4F7556}") = "RemoveNonConsecutiveNumbers", "RemoveNonConsecutiveNumbers\RemoveNonConsecutiveNumbers.csproj", "{B9F9735E-3643-4E69-802E-012E05B6FB3B}"
EndProject
Project("{9A19103F-16F7-4668-BE54-9A1E7A4F7556}") = "CheckTheseLetters", "CheckTheseLetters\CheckTheseLetters.csproj", "{FA13714A-8C16-4C36-9EEC-F72F7DBD7E0E}"
EndProject
Project("{9A19103F-16F7-4668-BE54-9A1E7A4F7556}") = "NumberToString", "NumberToString\NumberToString.csproj", "{5BDF3C57-7440-4D91-A806-FF5BA67F423B}"
EndProject
Project("{9A19103F-16F7-4668-BE54-9A1E7A4F7556}") = "TripleTrouble", "TripleTrouble\TripleTrouble.csproj", "{99D67FD6-AF00-4CE0-B9B0-4AF0B3D8F7C4}"
EndProject
Project("{9A19103F-16F7-4668-BE54-9A1E7A4F7556}") = "CodeUnderPressureOne", "CodeUnderPressureOne\CodeUnderPressureOne.csproj", "{3FEFB4C4-DB84-4D14-BCEE-E8237ECF6CAF}"
EndProject
Project("{9A19103F-16F7-4668-BE54-9A1E7A4F7556}") = "IntegerDifference", "IntegerDifference\IntegerDifference.csproj", "{76104A03-B8BF-4449-9CB4-658A94A1BEDA}"
EndProject
Project("{9A19103F-16F7-4668-BE54-9A1E7A4F7556}") = "SquareNumbers", "SquareNumbers\SquareNumbers.csproj", "{D3BE51A2-5CA1-4AB1-A80C-5A92AD7228D4}"
EndProject
Project("{9A19103F-16F7-4668-BE54-9A1E7A4F7556}") = "CountArrayOccurrences", "CountArrayOccurrences\CountArrayOccurrences.csproj", "{E813DBBA-79C6-45D7-B6C7-FE7A950EF6C1}"
EndProject
Project("{9A19103F-16F7-4668-BE54-9A1E7A4F7556}") = "HardDriveCapacity", "HardDriveCapacity\HardDriveCapacity.csproj", "{7B41B0C4-AFC7-4D16-8809-00FBF0696333}"
EndProject
Project("{9A19103F-16F7-4668-BE54-9A1E7A4F7556}") = "NumbersInOrder", "NumbersInOrder\NumbersInOrder.csproj", "{D4426893-694B-489B-9AD2-8E1AB94BB1B1}"
EndProject
Project("{9A19103F-16F7-4668-BE54-9A1E7A4F7556}") = "GetPlanetName", "GetPlanetName\GetPlanetName.csproj", "{41A07E34-F434-43B8-B794-07BD0F8B9DDF}"
EndProject
Project("{9A19103F-16F7-4668-BE54-9A1E7A4F7556}") = "CountLettersInString", "CountLettersInString\CountLettersInString.csproj", "{7006362B-64A5-4E1D-9BEF-BDEF79417498}"
EndProject
Project("{9A19103F-16F7-4668-BE54-9A1E7A4F7556}") = "NumberZooPatrol", "NumberZooPatrol\NumberZooPatrol.csproj", "{54F6C0FE-3594-4BCC-8BD5-2473EFF9D7A3}"
EndProject
Project("{9A19103F-16F7-4668-BE54-9A1E7A4F7556}") = "HappyBirthdayBaseConversion", "HappyBirthdayBaseConversion\HappyBirthdayBaseConversion.csproj", "{020C7966-740B-469B-AB86-3DFFC581C2A4}"
EndProject
Project("{9A19103F-16F7-4668-BE54-9A1E7A4F7556}") = "SquaredArrays", "SquaredArrays\SquaredArrays.csproj", "{ACB9AE8E-4086-470B-91F8-063422FE2F09}"
EndProject
Project("{9A19103F-16F7-4668-BE54-9A1E7A4F7556}") = "AbbreviateNames", "AbbreviateNames\AbbreviateNames.csproj", "{1DA7D178-4F17-40B0-9817-711DBDB6734E}"
EndProject
Project("{9A19103F-16F7-4668-BE54-9A1E7A4F7556}") = "FindTheDivisors", "FindTheDivisors\FindTheDivisors.csproj", "{5553DBC8-52D1-4A52-AFDD-50D04500ED40}"
EndProject
Project("{9A19103F-16F7-4668-BE54-9A1E7A4F7556}") = "FindTheOddInt", "FindTheOddInt\FindTheOddInt.csproj", "{AD673D04-41C2-4BA0-A44F-DAC75BAD4B7A}"
EndProject
Project("{9A19103F-16F7-4668-BE54-9A1E7A4F7556}") = "OrderedCountOfCharacters", "OrderedCountOfCharacters\OrderedCountOfCharacters.csproj", "{DDC510E0-6A20-4EBB-8C29-68BE651A17D1}"
EndProject
Project("{9A19103F-16F7-4668-BE54-9A1E7A4F7556}") = "BuildATower", "BuildATower\BuildATower.csproj", "{7253C8E1-2691-4A3A-9704-1496F0085A3A}"
EndProject
Project("{9A19103F-16F7-4668-BE54-9A1E7A4F7556}") = "NaughtyOrNice", "NaughtyOrNice\NaughtyOrNice.csproj", "{E7E6D0DC-CBA8-49DF-8137-64658FC223BF}"
EndProject
Project("{9A19103F-16F7-4668-BE54-9A1E7A4F7556}") = "EncryptThis", "EncryptThis\EncryptThis.csproj", "{0FEE049E-9A7A-4BB4-939A-AE5FBB411343}"
EndProject
Project("{9A19103F-16F7-4668-BE54-9A1E7A4F7556}") = "SearchForLetters", "SearchForLetters\SearchForLetters.csproj", "{7C5A5707-ECBB-4E09-8806-9026EC0D5384}"
EndProject
Project("{9A19103F-16F7-4668-BE54-9A1E7A4F7556}") = "CompleteSeries", "CompleteSeries\CompleteSeries.csproj", "{21284268-B6B6-49EA-A19C-CDD1BD259E06}"
EndProject
Project("{9A19103F-16F7-4668-BE54-9A1E7A4F7556}") = "DiagonalStrings", "DiagonalStrings\DiagonalStrings.csproj", "{799901FC-CE83-4477-8C26-EEAEFD803362}"
EndProject
Project("{9A19103F-16F7-4668-BE54-9A1E7A4F7556}") = "GreetMe", "GreetMe\GreetMe.csproj", "{017425C1-AEDB-48BF-BF72-DB70355415B5}"
EndProject
Project("{9A19103F-16F7-4668-BE54-9A1E7A4F7556}") = "MostFrequentWeekdays", "MostFrequentWeekdays\MostFrequentWeekdays.csproj", "{A7521149-D75C-4A2B-87F9-62578BE77C39}"
EndProject
Project("{9A19103F-16F7-4668-BE54-9A1E7A4F7556}") = "TrueForJustOne", "TrueForJustOne\TrueForJustOne.csproj", "{2CF59AFB-73DF-4681-934C-F96FF577CBE9}"
EndProject
Project("{9A19103F-16F7-4668-BE54-9A1E7A4F7556}") = "TitleCase", "TitleCase\TitleCase.csproj", "{0FAB9F67-3C21-4493-8999-0788788C5159}"
EndProject
Project("{9A19103F-16F7-4668-BE54-9A1E7A4F7556}") = "WelcomeLanguages", "WelcomeLanguages\WelcomeLanguages.csproj", "{0ABC6D19-22AF-4865-A7CB-867C21351BAF}"
EndProject
Project("{9A19103F-16F7-4668-BE54-9A1E7A4F7556}") = "SubtractTheSum", "SubtractTheSum\SubtractTheSum.csproj", "{D1DC2D51-E12A-40A8-83D7-3ACBFFBB4A7F}"
EndProject
Project("{9A19103F-16F7-4668-BE54-9A1E7A4F7556}") = "NarcissisticNumbers", "NarcissisticNumbers\NarcissisticNumbers.csproj", "{C08A9985-7336-4434-8783-4A873E4CCA62}"
EndProject
Project("{9A19103F-16F7-4668-BE54-9A1E7A4F7556}") = "TwoSum", "TwoSum\TwoSum.csproj", "{9667A4E8-2596-443C-ABC4-CDC6B9D513A5}"
EndProject
Project("{9A19103F-16F7-4668-BE54-9A1E7A4F7556}") = "CountCharacters", "CountCharacters\CountCharacters.csproj", "{1F346C27-765B-4C59-B843-562349F30AEA}"
EndProject
Project("{9A19103F-16F7-4668-BE54-9A1E7A4F7556}") = "EurekaNumbers", "EurekaNumbers\EurekaNumbers.csproj", "{984BC73A-BFDF-4B75-A75E-D77646EB4518}"
EndProject
Project("{9A19103F-16F7-4668-BE54-9A1E7A4F7556}") = "FindUniqueNumber", "FindUniqueNumber\FindUniqueNumber.csproj", "{77032099-9FB4-41C5-B55D-954DC2A85F9E}"
EndProject
Project("{FAE04EC0-301F-11D3-BF4B-00C04F79EFBC}") = "ShoolPaperwork", "ShoolPaperwork\ShoolPaperwork.csproj", "{C7272E7A-60AD-4044-BCC9-E84B25FEEA8E}"
EndProject
Global
	GlobalSection(SolutionConfigurationPlatforms) = preSolution
		Debug|Any CPU = Debug|Any CPU
		Release|Any CPU = Release|Any CPU
	EndGlobalSection
	GlobalSection(ProjectConfigurationPlatforms) = postSolution
		{671B230E-28AD-4D33-A521-6801F351A2F8}.Debug|Any CPU.ActiveCfg = Debug|Any CPU
		{671B230E-28AD-4D33-A521-6801F351A2F8}.Debug|Any CPU.Build.0 = Debug|Any CPU
		{671B230E-28AD-4D33-A521-6801F351A2F8}.Release|Any CPU.ActiveCfg = Release|Any CPU
		{671B230E-28AD-4D33-A521-6801F351A2F8}.Release|Any CPU.Build.0 = Release|Any CPU
		{DE614D15-A3FB-4342-AA6F-4F1F030B359D}.Debug|Any CPU.ActiveCfg = Debug|Any CPU
		{DE614D15-A3FB-4342-AA6F-4F1F030B359D}.Debug|Any CPU.Build.0 = Debug|Any CPU
		{DE614D15-A3FB-4342-AA6F-4F1F030B359D}.Release|Any CPU.ActiveCfg = Release|Any CPU
		{DE614D15-A3FB-4342-AA6F-4F1F030B359D}.Release|Any CPU.Build.0 = Release|Any CPU
		{36C9FE33-09ED-408D-A801-F1B73FF8C3DC}.Debug|Any CPU.ActiveCfg = Debug|Any CPU
		{36C9FE33-09ED-408D-A801-F1B73FF8C3DC}.Debug|Any CPU.Build.0 = Debug|Any CPU
		{36C9FE33-09ED-408D-A801-F1B73FF8C3DC}.Release|Any CPU.ActiveCfg = Release|Any CPU
		{36C9FE33-09ED-408D-A801-F1B73FF8C3DC}.Release|Any CPU.Build.0 = Release|Any CPU
		{FEA655E2-893B-4F77-9841-BCCB484343E8}.Debug|Any CPU.ActiveCfg = Debug|Any CPU
		{FEA655E2-893B-4F77-9841-BCCB484343E8}.Debug|Any CPU.Build.0 = Debug|Any CPU
		{FEA655E2-893B-4F77-9841-BCCB484343E8}.Release|Any CPU.ActiveCfg = Release|Any CPU
		{FEA655E2-893B-4F77-9841-BCCB484343E8}.Release|Any CPU.Build.0 = Release|Any CPU
		{7B363067-BAB4-404B-9D56-3956FDEA211C}.Debug|Any CPU.ActiveCfg = Debug|Any CPU
		{7B363067-BAB4-404B-9D56-3956FDEA211C}.Debug|Any CPU.Build.0 = Debug|Any CPU
		{7B363067-BAB4-404B-9D56-3956FDEA211C}.Release|Any CPU.ActiveCfg = Release|Any CPU
		{7B363067-BAB4-404B-9D56-3956FDEA211C}.Release|Any CPU.Build.0 = Release|Any CPU
		{1131F32B-90E0-42BD-92B5-996FBD44410A}.Debug|Any CPU.ActiveCfg = Debug|Any CPU
		{1131F32B-90E0-42BD-92B5-996FBD44410A}.Debug|Any CPU.Build.0 = Debug|Any CPU
		{1131F32B-90E0-42BD-92B5-996FBD44410A}.Release|Any CPU.ActiveCfg = Release|Any CPU
		{1131F32B-90E0-42BD-92B5-996FBD44410A}.Release|Any CPU.Build.0 = Release|Any CPU
		{9AEA6A1B-0BF5-4F28-B8DB-E1E5A3DD917F}.Debug|Any CPU.ActiveCfg = Debug|Any CPU
		{9AEA6A1B-0BF5-4F28-B8DB-E1E5A3DD917F}.Debug|Any CPU.Build.0 = Debug|Any CPU
		{9AEA6A1B-0BF5-4F28-B8DB-E1E5A3DD917F}.Release|Any CPU.ActiveCfg = Release|Any CPU
		{9AEA6A1B-0BF5-4F28-B8DB-E1E5A3DD917F}.Release|Any CPU.Build.0 = Release|Any CPU
		{568BE826-263E-41C1-AE4E-9E61BEA20320}.Debug|Any CPU.ActiveCfg = Debug|Any CPU
		{568BE826-263E-41C1-AE4E-9E61BEA20320}.Debug|Any CPU.Build.0 = Debug|Any CPU
		{568BE826-263E-41C1-AE4E-9E61BEA20320}.Release|Any CPU.ActiveCfg = Release|Any CPU
		{568BE826-263E-41C1-AE4E-9E61BEA20320}.Release|Any CPU.Build.0 = Release|Any CPU
		{43A929DF-53F7-4FC2-A774-FD98BDA83996}.Debug|Any CPU.ActiveCfg = Debug|Any CPU
		{43A929DF-53F7-4FC2-A774-FD98BDA83996}.Debug|Any CPU.Build.0 = Debug|Any CPU
		{43A929DF-53F7-4FC2-A774-FD98BDA83996}.Release|Any CPU.ActiveCfg = Release|Any CPU
		{43A929DF-53F7-4FC2-A774-FD98BDA83996}.Release|Any CPU.Build.0 = Release|Any CPU
		{B9F9735E-3643-4E69-802E-012E05B6FB3B}.Debug|Any CPU.ActiveCfg = Debug|Any CPU
		{B9F9735E-3643-4E69-802E-012E05B6FB3B}.Debug|Any CPU.Build.0 = Debug|Any CPU
		{B9F9735E-3643-4E69-802E-012E05B6FB3B}.Release|Any CPU.ActiveCfg = Release|Any CPU
		{B9F9735E-3643-4E69-802E-012E05B6FB3B}.Release|Any CPU.Build.0 = Release|Any CPU
		{FA13714A-8C16-4C36-9EEC-F72F7DBD7E0E}.Debug|Any CPU.ActiveCfg = Debug|Any CPU
		{FA13714A-8C16-4C36-9EEC-F72F7DBD7E0E}.Debug|Any CPU.Build.0 = Debug|Any CPU
		{FA13714A-8C16-4C36-9EEC-F72F7DBD7E0E}.Release|Any CPU.ActiveCfg = Release|Any CPU
		{FA13714A-8C16-4C36-9EEC-F72F7DBD7E0E}.Release|Any CPU.Build.0 = Release|Any CPU
		{5BDF3C57-7440-4D91-A806-FF5BA67F423B}.Debug|Any CPU.ActiveCfg = Debug|Any CPU
		{5BDF3C57-7440-4D91-A806-FF5BA67F423B}.Debug|Any CPU.Build.0 = Debug|Any CPU
		{5BDF3C57-7440-4D91-A806-FF5BA67F423B}.Release|Any CPU.ActiveCfg = Release|Any CPU
		{5BDF3C57-7440-4D91-A806-FF5BA67F423B}.Release|Any CPU.Build.0 = Release|Any CPU
		{99D67FD6-AF00-4CE0-B9B0-4AF0B3D8F7C4}.Debug|Any CPU.ActiveCfg = Debug|Any CPU
		{99D67FD6-AF00-4CE0-B9B0-4AF0B3D8F7C4}.Debug|Any CPU.Build.0 = Debug|Any CPU
		{99D67FD6-AF00-4CE0-B9B0-4AF0B3D8F7C4}.Release|Any CPU.ActiveCfg = Release|Any CPU
		{99D67FD6-AF00-4CE0-B9B0-4AF0B3D8F7C4}.Release|Any CPU.Build.0 = Release|Any CPU
		{3FEFB4C4-DB84-4D14-BCEE-E8237ECF6CAF}.Debug|Any CPU.ActiveCfg = Debug|Any CPU
		{3FEFB4C4-DB84-4D14-BCEE-E8237ECF6CAF}.Debug|Any CPU.Build.0 = Debug|Any CPU
		{3FEFB4C4-DB84-4D14-BCEE-E8237ECF6CAF}.Release|Any CPU.ActiveCfg = Release|Any CPU
		{3FEFB4C4-DB84-4D14-BCEE-E8237ECF6CAF}.Release|Any CPU.Build.0 = Release|Any CPU
		{76104A03-B8BF-4449-9CB4-658A94A1BEDA}.Debug|Any CPU.ActiveCfg = Debug|Any CPU
		{76104A03-B8BF-4449-9CB4-658A94A1BEDA}.Debug|Any CPU.Build.0 = Debug|Any CPU
		{76104A03-B8BF-4449-9CB4-658A94A1BEDA}.Release|Any CPU.ActiveCfg = Release|Any CPU
		{76104A03-B8BF-4449-9CB4-658A94A1BEDA}.Release|Any CPU.Build.0 = Release|Any CPU
		{D3BE51A2-5CA1-4AB1-A80C-5A92AD7228D4}.Debug|Any CPU.ActiveCfg = Debug|Any CPU
		{D3BE51A2-5CA1-4AB1-A80C-5A92AD7228D4}.Debug|Any CPU.Build.0 = Debug|Any CPU
		{D3BE51A2-5CA1-4AB1-A80C-5A92AD7228D4}.Release|Any CPU.ActiveCfg = Release|Any CPU
		{D3BE51A2-5CA1-4AB1-A80C-5A92AD7228D4}.Release|Any CPU.Build.0 = Release|Any CPU
		{E813DBBA-79C6-45D7-B6C7-FE7A950EF6C1}.Debug|Any CPU.ActiveCfg = Debug|Any CPU
		{E813DBBA-79C6-45D7-B6C7-FE7A950EF6C1}.Debug|Any CPU.Build.0 = Debug|Any CPU
		{E813DBBA-79C6-45D7-B6C7-FE7A950EF6C1}.Release|Any CPU.ActiveCfg = Release|Any CPU
		{E813DBBA-79C6-45D7-B6C7-FE7A950EF6C1}.Release|Any CPU.Build.0 = Release|Any CPU
		{7B41B0C4-AFC7-4D16-8809-00FBF0696333}.Debug|Any CPU.ActiveCfg = Debug|Any CPU
		{7B41B0C4-AFC7-4D16-8809-00FBF0696333}.Debug|Any CPU.Build.0 = Debug|Any CPU
		{7B41B0C4-AFC7-4D16-8809-00FBF0696333}.Release|Any CPU.ActiveCfg = Release|Any CPU
		{7B41B0C4-AFC7-4D16-8809-00FBF0696333}.Release|Any CPU.Build.0 = Release|Any CPU
		{D4426893-694B-489B-9AD2-8E1AB94BB1B1}.Debug|Any CPU.ActiveCfg = Debug|Any CPU
		{D4426893-694B-489B-9AD2-8E1AB94BB1B1}.Debug|Any CPU.Build.0 = Debug|Any CPU
		{D4426893-694B-489B-9AD2-8E1AB94BB1B1}.Release|Any CPU.ActiveCfg = Release|Any CPU
		{D4426893-694B-489B-9AD2-8E1AB94BB1B1}.Release|Any CPU.Build.0 = Release|Any CPU
		{41A07E34-F434-43B8-B794-07BD0F8B9DDF}.Debug|Any CPU.ActiveCfg = Debug|Any CPU
		{41A07E34-F434-43B8-B794-07BD0F8B9DDF}.Debug|Any CPU.Build.0 = Debug|Any CPU
		{41A07E34-F434-43B8-B794-07BD0F8B9DDF}.Release|Any CPU.ActiveCfg = Release|Any CPU
		{41A07E34-F434-43B8-B794-07BD0F8B9DDF}.Release|Any CPU.Build.0 = Release|Any CPU
		{7006362B-64A5-4E1D-9BEF-BDEF79417498}.Debug|Any CPU.ActiveCfg = Debug|Any CPU
		{7006362B-64A5-4E1D-9BEF-BDEF79417498}.Debug|Any CPU.Build.0 = Debug|Any CPU
		{7006362B-64A5-4E1D-9BEF-BDEF79417498}.Release|Any CPU.ActiveCfg = Release|Any CPU
		{7006362B-64A5-4E1D-9BEF-BDEF79417498}.Release|Any CPU.Build.0 = Release|Any CPU
		{54F6C0FE-3594-4BCC-8BD5-2473EFF9D7A3}.Debug|Any CPU.ActiveCfg = Debug|Any CPU
		{54F6C0FE-3594-4BCC-8BD5-2473EFF9D7A3}.Debug|Any CPU.Build.0 = Debug|Any CPU
		{54F6C0FE-3594-4BCC-8BD5-2473EFF9D7A3}.Release|Any CPU.ActiveCfg = Release|Any CPU
		{54F6C0FE-3594-4BCC-8BD5-2473EFF9D7A3}.Release|Any CPU.Build.0 = Release|Any CPU
		{020C7966-740B-469B-AB86-3DFFC581C2A4}.Debug|Any CPU.ActiveCfg = Debug|Any CPU
		{020C7966-740B-469B-AB86-3DFFC581C2A4}.Debug|Any CPU.Build.0 = Debug|Any CPU
		{020C7966-740B-469B-AB86-3DFFC581C2A4}.Release|Any CPU.ActiveCfg = Release|Any CPU
		{020C7966-740B-469B-AB86-3DFFC581C2A4}.Release|Any CPU.Build.0 = Release|Any CPU
		{ACB9AE8E-4086-470B-91F8-063422FE2F09}.Debug|Any CPU.ActiveCfg = Debug|Any CPU
		{ACB9AE8E-4086-470B-91F8-063422FE2F09}.Debug|Any CPU.Build.0 = Debug|Any CPU
		{ACB9AE8E-4086-470B-91F8-063422FE2F09}.Release|Any CPU.ActiveCfg = Release|Any CPU
		{ACB9AE8E-4086-470B-91F8-063422FE2F09}.Release|Any CPU.Build.0 = Release|Any CPU
		{1DA7D178-4F17-40B0-9817-711DBDB6734E}.Debug|Any CPU.ActiveCfg = Debug|Any CPU
		{1DA7D178-4F17-40B0-9817-711DBDB6734E}.Debug|Any CPU.Build.0 = Debug|Any CPU
		{1DA7D178-4F17-40B0-9817-711DBDB6734E}.Release|Any CPU.ActiveCfg = Release|Any CPU
		{1DA7D178-4F17-40B0-9817-711DBDB6734E}.Release|Any CPU.Build.0 = Release|Any CPU
		{5553DBC8-52D1-4A52-AFDD-50D04500ED40}.Debug|Any CPU.ActiveCfg = Debug|Any CPU
		{5553DBC8-52D1-4A52-AFDD-50D04500ED40}.Debug|Any CPU.Build.0 = Debug|Any CPU
		{5553DBC8-52D1-4A52-AFDD-50D04500ED40}.Release|Any CPU.ActiveCfg = Release|Any CPU
		{5553DBC8-52D1-4A52-AFDD-50D04500ED40}.Release|Any CPU.Build.0 = Release|Any CPU
		{AD673D04-41C2-4BA0-A44F-DAC75BAD4B7A}.Debug|Any CPU.ActiveCfg = Debug|Any CPU
		{AD673D04-41C2-4BA0-A44F-DAC75BAD4B7A}.Debug|Any CPU.Build.0 = Debug|Any CPU
		{AD673D04-41C2-4BA0-A44F-DAC75BAD4B7A}.Release|Any CPU.ActiveCfg = Release|Any CPU
		{AD673D04-41C2-4BA0-A44F-DAC75BAD4B7A}.Release|Any CPU.Build.0 = Release|Any CPU
		{DDC510E0-6A20-4EBB-8C29-68BE651A17D1}.Debug|Any CPU.ActiveCfg = Debug|Any CPU
		{DDC510E0-6A20-4EBB-8C29-68BE651A17D1}.Debug|Any CPU.Build.0 = Debug|Any CPU
		{DDC510E0-6A20-4EBB-8C29-68BE651A17D1}.Release|Any CPU.ActiveCfg = Release|Any CPU
		{DDC510E0-6A20-4EBB-8C29-68BE651A17D1}.Release|Any CPU.Build.0 = Release|Any CPU
		{7253C8E1-2691-4A3A-9704-1496F0085A3A}.Debug|Any CPU.ActiveCfg = Debug|Any CPU
		{7253C8E1-2691-4A3A-9704-1496F0085A3A}.Debug|Any CPU.Build.0 = Debug|Any CPU
		{7253C8E1-2691-4A3A-9704-1496F0085A3A}.Release|Any CPU.ActiveCfg = Release|Any CPU
		{7253C8E1-2691-4A3A-9704-1496F0085A3A}.Release|Any CPU.Build.0 = Release|Any CPU
		{E7E6D0DC-CBA8-49DF-8137-64658FC223BF}.Debug|Any CPU.ActiveCfg = Debug|Any CPU
		{E7E6D0DC-CBA8-49DF-8137-64658FC223BF}.Debug|Any CPU.Build.0 = Debug|Any CPU
		{E7E6D0DC-CBA8-49DF-8137-64658FC223BF}.Release|Any CPU.ActiveCfg = Release|Any CPU
		{E7E6D0DC-CBA8-49DF-8137-64658FC223BF}.Release|Any CPU.Build.0 = Release|Any CPU
		{0FEE049E-9A7A-4BB4-939A-AE5FBB411343}.Debug|Any CPU.ActiveCfg = Debug|Any CPU
		{0FEE049E-9A7A-4BB4-939A-AE5FBB411343}.Debug|Any CPU.Build.0 = Debug|Any CPU
		{0FEE049E-9A7A-4BB4-939A-AE5FBB411343}.Release|Any CPU.ActiveCfg = Release|Any CPU
		{0FEE049E-9A7A-4BB4-939A-AE5FBB411343}.Release|Any CPU.Build.0 = Release|Any CPU
		{7C5A5707-ECBB-4E09-8806-9026EC0D5384}.Debug|Any CPU.ActiveCfg = Debug|Any CPU
		{7C5A5707-ECBB-4E09-8806-9026EC0D5384}.Debug|Any CPU.Build.0 = Debug|Any CPU
		{7C5A5707-ECBB-4E09-8806-9026EC0D5384}.Release|Any CPU.ActiveCfg = Release|Any CPU
		{7C5A5707-ECBB-4E09-8806-9026EC0D5384}.Release|Any CPU.Build.0 = Release|Any CPU
		{21284268-B6B6-49EA-A19C-CDD1BD259E06}.Debug|Any CPU.ActiveCfg = Debug|Any CPU
		{21284268-B6B6-49EA-A19C-CDD1BD259E06}.Debug|Any CPU.Build.0 = Debug|Any CPU
		{21284268-B6B6-49EA-A19C-CDD1BD259E06}.Release|Any CPU.ActiveCfg = Release|Any CPU
		{21284268-B6B6-49EA-A19C-CDD1BD259E06}.Release|Any CPU.Build.0 = Release|Any CPU
		{799901FC-CE83-4477-8C26-EEAEFD803362}.Debug|Any CPU.ActiveCfg = Debug|Any CPU
		{799901FC-CE83-4477-8C26-EEAEFD803362}.Debug|Any CPU.Build.0 = Debug|Any CPU
		{799901FC-CE83-4477-8C26-EEAEFD803362}.Release|Any CPU.ActiveCfg = Release|Any CPU
		{799901FC-CE83-4477-8C26-EEAEFD803362}.Release|Any CPU.Build.0 = Release|Any CPU
		{017425C1-AEDB-48BF-BF72-DB70355415B5}.Debug|Any CPU.ActiveCfg = Debug|Any CPU
		{017425C1-AEDB-48BF-BF72-DB70355415B5}.Debug|Any CPU.Build.0 = Debug|Any CPU
		{017425C1-AEDB-48BF-BF72-DB70355415B5}.Release|Any CPU.ActiveCfg = Release|Any CPU
		{017425C1-AEDB-48BF-BF72-DB70355415B5}.Release|Any CPU.Build.0 = Release|Any CPU
		{A7521149-D75C-4A2B-87F9-62578BE77C39}.Debug|Any CPU.ActiveCfg = Debug|Any CPU
		{A7521149-D75C-4A2B-87F9-62578BE77C39}.Debug|Any CPU.Build.0 = Debug|Any CPU
		{A7521149-D75C-4A2B-87F9-62578BE77C39}.Release|Any CPU.ActiveCfg = Release|Any CPU
		{A7521149-D75C-4A2B-87F9-62578BE77C39}.Release|Any CPU.Build.0 = Release|Any CPU
		{2CF59AFB-73DF-4681-934C-F96FF577CBE9}.Debug|Any CPU.ActiveCfg = Debug|Any CPU
		{2CF59AFB-73DF-4681-934C-F96FF577CBE9}.Debug|Any CPU.Build.0 = Debug|Any CPU
		{2CF59AFB-73DF-4681-934C-F96FF577CBE9}.Release|Any CPU.ActiveCfg = Release|Any CPU
		{2CF59AFB-73DF-4681-934C-F96FF577CBE9}.Release|Any CPU.Build.0 = Release|Any CPU
		{0FAB9F67-3C21-4493-8999-0788788C5159}.Debug|Any CPU.ActiveCfg = Debug|Any CPU
		{0FAB9F67-3C21-4493-8999-0788788C5159}.Debug|Any CPU.Build.0 = Debug|Any CPU
		{0FAB9F67-3C21-4493-8999-0788788C5159}.Release|Any CPU.ActiveCfg = Release|Any CPU
		{0FAB9F67-3C21-4493-8999-0788788C5159}.Release|Any CPU.Build.0 = Release|Any CPU
		{0ABC6D19-22AF-4865-A7CB-867C21351BAF}.Debug|Any CPU.ActiveCfg = Debug|Any CPU
		{0ABC6D19-22AF-4865-A7CB-867C21351BAF}.Debug|Any CPU.Build.0 = Debug|Any CPU
		{0ABC6D19-22AF-4865-A7CB-867C21351BAF}.Release|Any CPU.ActiveCfg = Release|Any CPU
		{0ABC6D19-22AF-4865-A7CB-867C21351BAF}.Release|Any CPU.Build.0 = Release|Any CPU
		{D1DC2D51-E12A-40A8-83D7-3ACBFFBB4A7F}.Debug|Any CPU.ActiveCfg = Debug|Any CPU
		{D1DC2D51-E12A-40A8-83D7-3ACBFFBB4A7F}.Debug|Any CPU.Build.0 = Debug|Any CPU
		{D1DC2D51-E12A-40A8-83D7-3ACBFFBB4A7F}.Release|Any CPU.ActiveCfg = Release|Any CPU
		{D1DC2D51-E12A-40A8-83D7-3ACBFFBB4A7F}.Release|Any CPU.Build.0 = Release|Any CPU
		{C08A9985-7336-4434-8783-4A873E4CCA62}.Debug|Any CPU.ActiveCfg = Debug|Any CPU
		{C08A9985-7336-4434-8783-4A873E4CCA62}.Debug|Any CPU.Build.0 = Debug|Any CPU
		{C08A9985-7336-4434-8783-4A873E4CCA62}.Release|Any CPU.ActiveCfg = Release|Any CPU
		{C08A9985-7336-4434-8783-4A873E4CCA62}.Release|Any CPU.Build.0 = Release|Any CPU
		{9667A4E8-2596-443C-ABC4-CDC6B9D513A5}.Debug|Any CPU.ActiveCfg = Debug|Any CPU
		{9667A4E8-2596-443C-ABC4-CDC6B9D513A5}.Debug|Any CPU.Build.0 = Debug|Any CPU
		{9667A4E8-2596-443C-ABC4-CDC6B9D513A5}.Release|Any CPU.ActiveCfg = Release|Any CPU
		{9667A4E8-2596-443C-ABC4-CDC6B9D513A5}.Release|Any CPU.Build.0 = Release|Any CPU
		{1F346C27-765B-4C59-B843-562349F30AEA}.Debug|Any CPU.ActiveCfg = Debug|Any CPU
		{1F346C27-765B-4C59-B843-562349F30AEA}.Debug|Any CPU.Build.0 = Debug|Any CPU
		{1F346C27-765B-4C59-B843-562349F30AEA}.Release|Any CPU.ActiveCfg = Release|Any CPU
		{1F346C27-765B-4C59-B843-562349F30AEA}.Release|Any CPU.Build.0 = Release|Any CPU
		{984BC73A-BFDF-4B75-A75E-D77646EB4518}.Debug|Any CPU.ActiveCfg = Debug|Any CPU
		{984BC73A-BFDF-4B75-A75E-D77646EB4518}.Debug|Any CPU.Build.0 = Debug|Any CPU
		{984BC73A-BFDF-4B75-A75E-D77646EB4518}.Release|Any CPU.ActiveCfg = Release|Any CPU
		{984BC73A-BFDF-4B75-A75E-D77646EB4518}.Release|Any CPU.Build.0 = Release|Any CPU
		{77032099-9FB4-41C5-B55D-954DC2A85F9E}.Debug|Any CPU.ActiveCfg = Debug|Any CPU
		{77032099-9FB4-41C5-B55D-954DC2A85F9E}.Debug|Any CPU.Build.0 = Debug|Any CPU
		{77032099-9FB4-41C5-B55D-954DC2A85F9E}.Release|Any CPU.ActiveCfg = Release|Any CPU
		{77032099-9FB4-41C5-B55D-954DC2A85F9E}.Release|Any CPU.Build.0 = Release|Any CPU
		{C7272E7A-60AD-4044-BCC9-E84B25FEEA8E}.Debug|Any CPU.ActiveCfg = Debug|Any CPU
		{C7272E7A-60AD-4044-BCC9-E84B25FEEA8E}.Debug|Any CPU.Build.0 = Debug|Any CPU
		{C7272E7A-60AD-4044-BCC9-E84B25FEEA8E}.Release|Any CPU.ActiveCfg = Release|Any CPU
		{C7272E7A-60AD-4044-BCC9-E84B25FEEA8E}.Release|Any CPU.Build.0 = Release|Any CPU
	EndGlobalSection
	GlobalSection(SolutionProperties) = preSolution
		HideSolutionNode = FALSE
	EndGlobalSection
	GlobalSection(ExtensibilityGlobals) = postSolution
		SolutionGuid = {5477EE27-A867-42EC-8CB8-976BD262F5CE}
	EndGlobalSection
EndGlobal
