
Microsoft Visual Studio Solution File, Format Version 12.00
# Visual Studio Version 16
VisualStudioVersion = 16.0.29905.134
MinimumVisualStudioVersion = 10.0.40219.1
Project("{9A19103F-16F7-4668-BE54-9A1E7A4F7556}") = "CodeWars", "CodeWars.csproj", "{671B230E-28AD-4D33-A521-6801F351A2F8}"
EndProject
Project("{9A19103F-16F7-4668-BE54-9A1E7A4F7556}") = "Disemvowell_Trolls", "Disemvowell_Trolls\Disemvowell_Trolls.csproj", "{DE614D15-A3FB-4342-AA6F-4F1F030B359D}"
EndProject
Project("{9A19103F-16F7-4668-BE54-9A1E7A4F7556}") = "Isograms", "Isograms\Isograms.csproj", "{36C9FE33-09ED-408D-A801-F1B73FF8C3DC}"
EndProject
Project("{9A19103F-16F7-4668-BE54-9A1E7A4F7556}") = "DigitalRoot", "DigitalRoot\DigitalRoot.csproj", "{FEA655E2-893B-4F77-9841-BCCB484343E8}"
EndProject
Project("{9A19103F-16F7-4668-BE54-9A1E7A4F7556}") = "DifferenceBetweenAges", "DifferenceBetweenAges\DifferenceBetweenAges.csproj", "{7B363067-BAB4-404B-9D56-3956FDEA211C}"
EndProject
Project("{9A19103F-16F7-4668-BE54-9A1E7A4F7556}") = "TwoOldestAges", "TwoOldestAges\TwoOldestAges.csproj", "{1131F32B-90E0-42BD-92B5-996FBD44410A}"
EndProject
Project("{9A19103F-16F7-4668-BE54-9A1E7A4F7556}") = "RemovingElements", "RemovingElements\RemovingElements.csproj", "{9AEA6A1B-0BF5-4F28-B8DB-E1E5A3DD917F}"
EndProject
Project("{9A19103F-16F7-4668-BE54-9A1E7A4F7556}") = "CountOccurences", "CountOccurences\CountOccurences.csproj", "{568BE826-263E-41C1-AE4E-9E61BEA20320}"
EndProject
Project("{9A19103F-16F7-4668-BE54-9A1E7A4F7556}") = "WillYouMakeIt", "WillYouMakeIt\WillYouMakeIt.csproj", "{43A929DF-53F7-4FC2-A774-FD98BDA83996}"
EndProject
Project("{9A19103F-16F7-4668-BE54-9A1E7A4F7556}") = "RemoveNonConsecutiveNumbers", "RemoveNonConsecutiveNumbers\RemoveNonConsecutiveNumbers.csproj", "{B9F9735E-3643-4E69-802E-012E05B6FB3B}"
EndProject
Project("{9A19103F-16F7-4668-BE54-9A1E7A4F7556}") = "CheckTheseLetters", "CheckTheseLetters\CheckTheseLetters.csproj", "{FA13714A-8C16-4C36-9EEC-F72F7DBD7E0E}"
EndProject
Project("{9A19103F-16F7-4668-BE54-9A1E7A4F7556}") = "NumberToString", "NumberToString\NumberToString.csproj", "{5BDF3C57-7440-4D91-A806-FF5BA67F423B}"
EndProject
Project("{FAE04EC0-301F-11D3-BF4B-00C04F79EFBC}") = "TripleTrouble", "TripleTrouble\TripleTrouble.csproj", "{99D67FD6-AF00-4CE0-B9B0-4AF0B3D8F7C4}"
EndProject
Project("{FAE04EC0-301F-11D3-BF4B-00C04F79EFBC}") = "CodeUnderPressureOne", "CodeUnderPressureOne\CodeUnderPressureOne.csproj", "{3FEFB4C4-DB84-4D14-BCEE-E8237ECF6CAF}"
EndProject
Global
	GlobalSection(SolutionConfigurationPlatforms) = preSolution
		Debug|Any CPU = Debug|Any CPU
		Release|Any CPU = Release|Any CPU
	EndGlobalSection
	GlobalSection(ProjectConfigurationPlatforms) = postSolution
		{671B230E-28AD-4D33-A521-6801F351A2F8}.Debug|Any CPU.ActiveCfg = Debug|Any CPU
		{671B230E-28AD-4D33-A521-6801F351A2F8}.Debug|Any CPU.Build.0 = Debug|Any CPU
		{671B230E-28AD-4D33-A521-6801F351A2F8}.Release|Any CPU.ActiveCfg = Release|Any CPU
		{671B230E-28AD-4D33-A521-6801F351A2F8}.Release|Any CPU.Build.0 = Release|Any CPU
		{DE614D15-A3FB-4342-AA6F-4F1F030B359D}.Debug|Any CPU.ActiveCfg = Debug|Any CPU
		{DE614D15-A3FB-4342-AA6F-4F1F030B359D}.Debug|Any CPU.Build.0 = Debug|Any CPU
		{DE614D15-A3FB-4342-AA6F-4F1F030B359D}.Release|Any CPU.ActiveCfg = Release|Any CPU
		{DE614D15-A3FB-4342-AA6F-4F1F030B359D}.Release|Any CPU.Build.0 = Release|Any CPU
		{36C9FE33-09ED-408D-A801-F1B73FF8C3DC}.Debug|Any CPU.ActiveCfg = Debug|Any CPU
		{36C9FE33-09ED-408D-A801-F1B73FF8C3DC}.Debug|Any CPU.Build.0 = Debug|Any CPU
		{36C9FE33-09ED-408D-A801-F1B73FF8C3DC}.Release|Any CPU.ActiveCfg = Release|Any CPU
		{36C9FE33-09ED-408D-A801-F1B73FF8C3DC}.Release|Any CPU.Build.0 = Release|Any CPU
		{FEA655E2-893B-4F77-9841-BCCB484343E8}.Debug|Any CPU.ActiveCfg = Debug|Any CPU
		{FEA655E2-893B-4F77-9841-BCCB484343E8}.Debug|Any CPU.Build.0 = Debug|Any CPU
		{FEA655E2-893B-4F77-9841-BCCB484343E8}.Release|Any CPU.ActiveCfg = Release|Any CPU
		{FEA655E2-893B-4F77-9841-BCCB484343E8}.Release|Any CPU.Build.0 = Release|Any CPU
		{7B363067-BAB4-404B-9D56-3956FDEA211C}.Debug|Any CPU.ActiveCfg = Debug|Any CPU
		{7B363067-BAB4-404B-9D56-3956FDEA211C}.Debug|Any CPU.Build.0 = Debug|Any CPU
		{7B363067-BAB4-404B-9D56-3956FDEA211C}.Release|Any CPU.ActiveCfg = Release|Any CPU
		{7B363067-BAB4-404B-9D56-3956FDEA211C}.Release|Any CPU.Build.0 = Release|Any CPU
		{1131F32B-90E0-42BD-92B5-996FBD44410A}.Debug|Any CPU.ActiveCfg = Debug|Any CPU
		{1131F32B-90E0-42BD-92B5-996FBD44410A}.Debug|Any CPU.Build.0 = Debug|Any CPU
		{1131F32B-90E0-42BD-92B5-996FBD44410A}.Release|Any CPU.ActiveCfg = Release|Any CPU
		{1131F32B-90E0-42BD-92B5-996FBD44410A}.Release|Any CPU.Build.0 = Release|Any CPU
		{9AEA6A1B-0BF5-4F28-B8DB-E1E5A3DD917F}.Debug|Any CPU.ActiveCfg = Debug|Any CPU
		{9AEA6A1B-0BF5-4F28-B8DB-E1E5A3DD917F}.Debug|Any CPU.Build.0 = Debug|Any CPU
		{9AEA6A1B-0BF5-4F28-B8DB-E1E5A3DD917F}.Release|Any CPU.ActiveCfg = Release|Any CPU
		{9AEA6A1B-0BF5-4F28-B8DB-E1E5A3DD917F}.Release|Any CPU.Build.0 = Release|Any CPU
		{568BE826-263E-41C1-AE4E-9E61BEA20320}.Debug|Any CPU.ActiveCfg = Debug|Any CPU
		{568BE826-263E-41C1-AE4E-9E61BEA20320}.Debug|Any CPU.Build.0 = Debug|Any CPU
		{568BE826-263E-41C1-AE4E-9E61BEA20320}.Release|Any CPU.ActiveCfg = Release|Any CPU
		{568BE826-263E-41C1-AE4E-9E61BEA20320}.Release|Any CPU.Build.0 = Release|Any CPU
		{43A929DF-53F7-4FC2-A774-FD98BDA83996}.Debug|Any CPU.ActiveCfg = Debug|Any CPU
		{43A929DF-53F7-4FC2-A774-FD98BDA83996}.Debug|Any CPU.Build.0 = Debug|Any CPU
		{43A929DF-53F7-4FC2-A774-FD98BDA83996}.Release|Any CPU.ActiveCfg = Release|Any CPU
		{43A929DF-53F7-4FC2-A774-FD98BDA83996}.Release|Any CPU.Build.0 = Release|Any CPU
		{B9F9735E-3643-4E69-802E-012E05B6FB3B}.Debug|Any CPU.ActiveCfg = Debug|Any CPU
		{B9F9735E-3643-4E69-802E-012E05B6FB3B}.Debug|Any CPU.Build.0 = Debug|Any CPU
		{B9F9735E-3643-4E69-802E-012E05B6FB3B}.Release|Any CPU.ActiveCfg = Release|Any CPU
		{B9F9735E-3643-4E69-802E-012E05B6FB3B}.Release|Any CPU.Build.0 = Release|Any CPU
		{FA13714A-8C16-4C36-9EEC-F72F7DBD7E0E}.Debug|Any CPU.ActiveCfg = Debug|Any CPU
		{FA13714A-8C16-4C36-9EEC-F72F7DBD7E0E}.Debug|Any CPU.Build.0 = Debug|Any CPU
		{FA13714A-8C16-4C36-9EEC-F72F7DBD7E0E}.Release|Any CPU.ActiveCfg = Release|Any CPU
		{FA13714A-8C16-4C36-9EEC-F72F7DBD7E0E}.Release|Any CPU.Build.0 = Release|Any CPU
		{5BDF3C57-7440-4D91-A806-FF5BA67F423B}.Debug|Any CPU.ActiveCfg = Debug|Any CPU
		{5BDF3C57-7440-4D91-A806-FF5BA67F423B}.Debug|Any CPU.Build.0 = Debug|Any CPU
		{5BDF3C57-7440-4D91-A806-FF5BA67F423B}.Release|Any CPU.ActiveCfg = Release|Any CPU
		{5BDF3C57-7440-4D91-A806-FF5BA67F423B}.Release|Any CPU.Build.0 = Release|Any CPU
		{99D67FD6-AF00-4CE0-B9B0-4AF0B3D8F7C4}.Debug|Any CPU.ActiveCfg = Debug|Any CPU
		{99D67FD6-AF00-4CE0-B9B0-4AF0B3D8F7C4}.Debug|Any CPU.Build.0 = Debug|Any CPU
		{99D67FD6-AF00-4CE0-B9B0-4AF0B3D8F7C4}.Release|Any CPU.ActiveCfg = Release|Any CPU
		{99D67FD6-AF00-4CE0-B9B0-4AF0B3D8F7C4}.Release|Any CPU.Build.0 = Release|Any CPU
		{3FEFB4C4-DB84-4D14-BCEE-E8237ECF6CAF}.Debug|Any CPU.ActiveCfg = Debug|Any CPU
		{3FEFB4C4-DB84-4D14-BCEE-E8237ECF6CAF}.Debug|Any CPU.Build.0 = Debug|Any CPU
		{3FEFB4C4-DB84-4D14-BCEE-E8237ECF6CAF}.Release|Any CPU.ActiveCfg = Release|Any CPU
		{3FEFB4C4-DB84-4D14-BCEE-E8237ECF6CAF}.Release|Any CPU.Build.0 = Release|Any CPU
	EndGlobalSection
	GlobalSection(SolutionProperties) = preSolution
		HideSolutionNode = FALSE
	EndGlobalSection
	GlobalSection(ExtensibilityGlobals) = postSolution
		SolutionGuid = {5477EE27-A867-42EC-8CB8-976BD262F5CE}
	EndGlobalSection
EndGlobal
